
Microsoft Visual Studio Solution File, Format Version 12.00
# Visual Studio 15
Project("{FAE04EC0-301F-11D3-BF4B-00C04F79EFBC}") = "Assembly-CSharp-firstpass", "Assembly-CSharp-firstpass.csproj", "{F00BFEFA-F685-2606-64F9-4AF2FAF3495F}"
EndProject
Project("{FAE04EC0-301F-11D3-BF4B-00C04F79EFBC}") = "Assembly-CSharp", "Assembly-CSharp.csproj", "{B7FD2851-4FD4-C836-8118-67521A34F9BD}"
EndProject
Project("{FAE04EC0-301F-11D3-BF4B-00C04F79EFBC}") = "Assembly-CSharp-Editor", "Assembly-CSharp-Editor.csproj", "{6F050DF6-7B6B-C5D8-F1C3-004BE9F72374}"
EndProject
Global
	GlobalSection(SolutionConfigurationPlatforms) = preSolution
		Debug|Any CPU = Debug|Any CPU
		Release|Any CPU = Release|Any CPU
	EndGlobalSection
	GlobalSection(ProjectConfigurationPlatforms) = postSolution
		{F00BFEFA-F685-2606-64F9-4AF2FAF3495F}.Debug|Any CPU.ActiveCfg = Debug|Any CPU
		{F00BFEFA-F685-2606-64F9-4AF2FAF3495F}.Debug|Any CPU.Build.0 = Debug|Any CPU
		{F00BFEFA-F685-2606-64F9-4AF2FAF3495F}.Release|Any CPU.ActiveCfg = Release|Any CPU
		{F00BFEFA-F685-2606-64F9-4AF2FAF3495F}.Release|Any CPU.Build.0 = Release|Any CPU
		{B7FD2851-4FD4-C836-8118-67521A34F9BD}.Debug|Any CPU.ActiveCfg = Debug|Any CPU
		{B7FD2851-4FD4-C836-8118-67521A34F9BD}.Debug|Any CPU.Build.0 = Debug|Any CPU
		{B7FD2851-4FD4-C836-8118-67521A34F9BD}.Release|Any CPU.ActiveCfg = Release|Any CPU
		{B7FD2851-4FD4-C836-8118-67521A34F9BD}.Release|Any CPU.Build.0 = Release|Any CPU
		{6F050DF6-7B6B-C5D8-F1C3-004BE9F72374}.Debug|Any CPU.ActiveCfg = Debug|Any CPU
		{6F050DF6-7B6B-C5D8-F1C3-004BE9F72374}.Debug|Any CPU.Build.0 = Debug|Any CPU
		{6F050DF6-7B6B-C5D8-F1C3-004BE9F72374}.Release|Any CPU.ActiveCfg = Release|Any CPU
		{6F050DF6-7B6B-C5D8-F1C3-004BE9F72374}.Release|Any CPU.Build.0 = Release|Any CPU
	EndGlobalSection
	GlobalSection(SolutionProperties) = preSolution
		HideSolutionNode = FALSE
	EndGlobalSection
EndGlobal
